
Microsoft Visual Studio Solution File, Format Version 12.00
# Visual Studio 15
VisualStudioVersion = 15.0.28010.2041
MinimumVisualStudioVersion = 10.0.40219.1
Project("{FAE04EC0-301F-11D3-BF4B-00C04F79EFBC}") = "csharp_test", "csharp_test\csharp_test.csproj", "{C8BAD721-6E67-4CB0-BD9F-1D30A6B85019}"
EndProject
Global
	GlobalSection(SolutionConfigurationPlatforms) = preSolution
		Debug|Any CPU = Debug|Any CPU
		Release|Any CPU = Release|Any CPU
	EndGlobalSection
	GlobalSection(ProjectConfigurationPlatforms) = postSolution
		{C8BAD721-6E67-4CB0-BD9F-1D30A6B85019}.Debug|Any CPU.ActiveCfg = Debug|Any CPU
		{C8BAD721-6E67-4CB0-BD9F-1D30A6B85019}.Debug|Any CPU.Build.0 = Debug|Any CPU
		{C8BAD721-6E67-4CB0-BD9F-1D30A6B85019}.Release|Any CPU.ActiveCfg = Release|Any CPU
		{C8BAD721-6E67-4CB0-BD9F-1D30A6B85019}.Release|Any CPU.Build.0 = Release|Any CPU
	EndGlobalSection
	GlobalSection(SolutionProperties) = preSolution
		HideSolutionNode = FALSE
	EndGlobalSection
	GlobalSection(ExtensibilityGlobals) = postSolution
		SolutionGuid = {E5EA2E53-71FC-4426-B74F-66C111B8BB52}
	EndGlobalSection
EndGlobal
